
Microsoft Visual Studio Solution File, Format Version 12.00
# Visual Studio Version 17
VisualStudioVersion = 17.2.32602.215
MinimumVisualStudioVersion = 10.0.40219.1
Project("{8BC9CEB8-8B4A-11D0-8D11-00A0C91BC942}") = "HW2.12", "HW2.12\HW2.12.vcxproj", "{9C180B76-77F1-488D-BDA6-A3A58A0A9AD3}"
EndProject
Global
	GlobalSection(SolutionConfigurationPlatforms) = preSolution
		Debug|x64 = Debug|x64
		Debug|x86 = Debug|x86
		Release|x64 = Release|x64
		Release|x86 = Release|x86
	EndGlobalSection
	GlobalSection(ProjectConfigurationPlatforms) = postSolution
		{9C180B76-77F1-488D-BDA6-A3A58A0A9AD3}.Debug|x64.ActiveCfg = Debug|x64
		{9C180B76-77F1-488D-BDA6-A3A58A0A9AD3}.Debug|x64.Build.0 = Debug|x64
		{9C180B76-77F1-488D-BDA6-A3A58A0A9AD3}.Debug|x86.ActiveCfg = Debug|Win32
		{9C180B76-77F1-488D-BDA6-A3A58A0A9AD3}.Debug|x86.Build.0 = Debug|Win32
		{9C180B76-77F1-488D-BDA6-A3A58A0A9AD3}.Release|x64.ActiveCfg = Release|x64
		{9C180B76-77F1-488D-BDA6-A3A58A0A9AD3}.Release|x64.Build.0 = Release|x64
		{9C180B76-77F1-488D-BDA6-A3A58A0A9AD3}.Release|x86.ActiveCfg = Release|Win32
		{9C180B76-77F1-488D-BDA6-A3A58A0A9AD3}.Release|x86.Build.0 = Release|Win32
	EndGlobalSection
	GlobalSection(SolutionProperties) = preSolution
		HideSolutionNode = FALSE
	EndGlobalSection
	GlobalSection(ExtensibilityGlobals) = postSolution
		SolutionGuid = {83B05456-7D22-4F46-BB0A-981D6E394346}
	EndGlobalSection
EndGlobal
