
Microsoft Visual Studio Solution File, Format Version 12.00
# Visual Studio Version 17
VisualStudioVersion = 17.2.32602.215
MinimumVisualStudioVersion = 10.0.40219.1
Project("{8BC9CEB8-8B4A-11D0-8D11-00A0C91BC942}") = "HW2.4", "HW2.4\HW2.4.vcxproj", "{7C6687D3-4DDA-4AEF-9C95-3D3B81FFB95D}"
EndProject
Global
	GlobalSection(SolutionConfigurationPlatforms) = preSolution
		Debug|x64 = Debug|x64
		Debug|x86 = Debug|x86
		Release|x64 = Release|x64
		Release|x86 = Release|x86
	EndGlobalSection
	GlobalSection(ProjectConfigurationPlatforms) = postSolution
		{7C6687D3-4DDA-4AEF-9C95-3D3B81FFB95D}.Debug|x64.ActiveCfg = Debug|x64
		{7C6687D3-4DDA-4AEF-9C95-3D3B81FFB95D}.Debug|x64.Build.0 = Debug|x64
		{7C6687D3-4DDA-4AEF-9C95-3D3B81FFB95D}.Debug|x86.ActiveCfg = Debug|Win32
		{7C6687D3-4DDA-4AEF-9C95-3D3B81FFB95D}.Debug|x86.Build.0 = Debug|Win32
		{7C6687D3-4DDA-4AEF-9C95-3D3B81FFB95D}.Release|x64.ActiveCfg = Release|x64
		{7C6687D3-4DDA-4AEF-9C95-3D3B81FFB95D}.Release|x64.Build.0 = Release|x64
		{7C6687D3-4DDA-4AEF-9C95-3D3B81FFB95D}.Release|x86.ActiveCfg = Release|Win32
		{7C6687D3-4DDA-4AEF-9C95-3D3B81FFB95D}.Release|x86.Build.0 = Release|Win32
	EndGlobalSection
	GlobalSection(SolutionProperties) = preSolution
		HideSolutionNode = FALSE
	EndGlobalSection
	GlobalSection(ExtensibilityGlobals) = postSolution
		SolutionGuid = {25AD769C-E5B5-4A23-B678-78FAC795F007}
	EndGlobalSection
EndGlobal
